
Microsoft Visual Studio Solution File, Format Version 12.00
# Visual Studio Version 16
VisualStudioVersion = 16.0.30011.22
MinimumVisualStudioVersion = 10.0.40219.1
Project("{FAE04EC0-301F-11D3-BF4B-00C04F79EFBC}") = "PrintTest", "PrintTest\PrintTest.csproj", "{0BA1DA69-2E88-4CD9-98A9-A39B9D6F2870}"
EndProject
Global
	GlobalSection(SolutionConfigurationPlatforms) = preSolution
		Debug|Any CPU = Debug|Any CPU
		Release|Any CPU = Release|Any CPU
	EndGlobalSection
	GlobalSection(ProjectConfigurationPlatforms) = postSolution
		{0BA1DA69-2E88-4CD9-98A9-A39B9D6F2870}.Debug|Any CPU.ActiveCfg = Debug|Any CPU
		{0BA1DA69-2E88-4CD9-98A9-A39B9D6F2870}.Debug|Any CPU.Build.0 = Debug|Any CPU
		{0BA1DA69-2E88-4CD9-98A9-A39B9D6F2870}.Release|Any CPU.ActiveCfg = Release|Any CPU
		{0BA1DA69-2E88-4CD9-98A9-A39B9D6F2870}.Release|Any CPU.Build.0 = Release|Any CPU
	EndGlobalSection
	GlobalSection(SolutionProperties) = preSolution
		HideSolutionNode = FALSE
	EndGlobalSection
	GlobalSection(ExtensibilityGlobals) = postSolution
		SolutionGuid = {8ECCBB3B-6CBE-4D39-A368-F87EDBE4826A}
	EndGlobalSection
EndGlobal
